
Microsoft Visual Studio Solution File, Format Version 12.00
Project("{FAE04EC0-301F-11D3-BF4B-00C04F79EFBC}") = "OutronicShop.Backend.API", "srcs\OutronicShop.Backend.API\OutronicShop.Backend.API.csproj", "{04758727-DBCD-45B5-9592-1C45A8C07E61}"
EndProject
Project("{FAE04EC0-301F-11D3-BF4B-00C04F79EFBC}") = "OutronicShop.Backend.Models", "srcs\OutronicShop.Backend.Models\OutronicShop.Backend.Models.csproj", "{3CE67764-409F-4E7D-BD69-7B0BA7A296F8}"
EndProject
Project("{FAE04EC0-301F-11D3-BF4B-00C04F79EFBC}") = "OutronicShop.Backend.Database", "srcs\OutronicShop.Backend.Database\OutronicShop.Backend.Database.csproj", "{619ADFB7-9DC0-41FB-B17A-B786A6AD32E8}"
EndProject
Project("{FAE04EC0-301F-11D3-BF4B-00C04F79EFBC}") = "OutronicShop.Backend.Domain", "srcs\OutronicShop.Backend.Domain\OutronicShop.Backend.Domain.csproj", "{FFA15369-DC3E-45AF-8C88-9317F6DCE89C}"
EndProject
Global
	GlobalSection(SolutionConfigurationPlatforms) = preSolution
		Debug|Any CPU = Debug|Any CPU
		Release|Any CPU = Release|Any CPU
	EndGlobalSection
	GlobalSection(ProjectConfigurationPlatforms) = postSolution
		{04758727-DBCD-45B5-9592-1C45A8C07E61}.Debug|Any CPU.ActiveCfg = Debug|Any CPU
		{04758727-DBCD-45B5-9592-1C45A8C07E61}.Debug|Any CPU.Build.0 = Debug|Any CPU
		{04758727-DBCD-45B5-9592-1C45A8C07E61}.Release|Any CPU.ActiveCfg = Release|Any CPU
		{04758727-DBCD-45B5-9592-1C45A8C07E61}.Release|Any CPU.Build.0 = Release|Any CPU
		{3CE67764-409F-4E7D-BD69-7B0BA7A296F8}.Debug|Any CPU.ActiveCfg = Debug|Any CPU
		{3CE67764-409F-4E7D-BD69-7B0BA7A296F8}.Debug|Any CPU.Build.0 = Debug|Any CPU
		{3CE67764-409F-4E7D-BD69-7B0BA7A296F8}.Release|Any CPU.ActiveCfg = Release|Any CPU
		{3CE67764-409F-4E7D-BD69-7B0BA7A296F8}.Release|Any CPU.Build.0 = Release|Any CPU
		{619ADFB7-9DC0-41FB-B17A-B786A6AD32E8}.Debug|Any CPU.ActiveCfg = Debug|Any CPU
		{619ADFB7-9DC0-41FB-B17A-B786A6AD32E8}.Debug|Any CPU.Build.0 = Debug|Any CPU
		{619ADFB7-9DC0-41FB-B17A-B786A6AD32E8}.Release|Any CPU.ActiveCfg = Release|Any CPU
		{619ADFB7-9DC0-41FB-B17A-B786A6AD32E8}.Release|Any CPU.Build.0 = Release|Any CPU
		{FFA15369-DC3E-45AF-8C88-9317F6DCE89C}.Debug|Any CPU.ActiveCfg = Debug|Any CPU
		{FFA15369-DC3E-45AF-8C88-9317F6DCE89C}.Debug|Any CPU.Build.0 = Debug|Any CPU
		{FFA15369-DC3E-45AF-8C88-9317F6DCE89C}.Release|Any CPU.ActiveCfg = Release|Any CPU
		{FFA15369-DC3E-45AF-8C88-9317F6DCE89C}.Release|Any CPU.Build.0 = Release|Any CPU
	EndGlobalSection
EndGlobal
